
Microsoft Visual Studio Solution File, Format Version 12.00
# Visual Studio 15
VisualStudioVersion = 15.0.27130.2024
MinimumVisualStudioVersion = 10.0.40219.1
Project("{FAE04EC0-301F-11D3-BF4B-00C04F79EFBC}") = "ShinyPokemon", "ShinyPokemon\ShinyPokemon.csproj", "{205C6E1F-051E-4329-8852-CDFAF2D6FD71}"
EndProject
Global
	GlobalSection(SolutionConfigurationPlatforms) = preSolution
		Debug|Any CPU = Debug|Any CPU
		Release|Any CPU = Release|Any CPU
	EndGlobalSection
	GlobalSection(ProjectConfigurationPlatforms) = postSolution
		{205C6E1F-051E-4329-8852-CDFAF2D6FD71}.Debug|Any CPU.ActiveCfg = Debug|Any CPU
		{205C6E1F-051E-4329-8852-CDFAF2D6FD71}.Debug|Any CPU.Build.0 = Debug|Any CPU
		{205C6E1F-051E-4329-8852-CDFAF2D6FD71}.Release|Any CPU.ActiveCfg = Release|Any CPU
		{205C6E1F-051E-4329-8852-CDFAF2D6FD71}.Release|Any CPU.Build.0 = Release|Any CPU
	EndGlobalSection
	GlobalSection(SolutionProperties) = preSolution
		HideSolutionNode = FALSE
	EndGlobalSection
	GlobalSection(ExtensibilityGlobals) = postSolution
		SolutionGuid = {589DD2DA-9636-4D25-AE69-100A5E2569BE}
	EndGlobalSection
EndGlobal
